<Solution>
  <Project Path="Dominio/Dominio.csproj" Id="00cc203a-ceb5-4bc2-9dd2-800abde91bce" />
  <Project Path="Negocio/Negocio.csproj" Id="a674b859-d5e0-4fb0-b4ce-24be528af8cb" />
  <Project Path="TPWinform_equipo_g/TPWinform_equipo_g.csproj" Id="7df612ad-2758-41cb-8093-9c3b65b8b516" />
</Solution>
